// !$*UTF8*$!
{
	archiveVersion = 1;
	classes = {
	};
	objectVersion = 46;
	objects = {

/* Begin PBXBuildFile section */
		84E0D8B01985E15400A0D7AC /* Foundation.framework in Frameworks */ = {isa = PBXBuildFile; fileRef = 84E0D8AF1985E15400A0D7AC /* Foundation.framework */; };
		84E0D8B21985E15400A0D7AC /* CoreGraphics.framework in Frameworks */ = {isa = PBXBuildFile; fileRef = 84E0D8B11985E15400A0D7AC /* CoreGraphics.framework */; };
		84E0D8B41985E15400A0D7AC /* UIKit.framework in Frameworks */ = {isa = PBXBuildFile; fileRef = 84E0D8B31985E15400A0D7AC /* UIKit.framework */; };
		84E0D8BA1985E15400A0D7AC /* InfoPlist.strings in Resources */ = {isa = PBXBuildFile; fileRef = 84E0D8B81985E15400A0D7AC /* InfoPlist.strings */; };
		84E0D8BC1985E15400A0D7AC /* main.m in Sources */ = {isa = PBXBuildFile; fileRef = 84E0D8BB1985E15400A0D7AC /* main.m */; };
		84E0D8C01985E15400A0D7AC /* AppDelegate.m in Sources */ = {isa = PBXBuildFile; fileRef = 84E0D8BF1985E15400A0D7AC /* AppDelegate.m */; };
		84E0D8C31985E15400A0D7AC /* Main.iPhone.storyboard in Resources */ = {isa = PBXBuildFile; fileRef = 84E0D8C11985E15400A0D7AC /* Main.iPhone.storyboard */; };
		84E0D8C61985E15400A0D7AC /* ViewController.m in Sources */ = {isa = PBXBuildFile; fileRef = 84E0D8C51985E15400A0D7AC /* ViewController.m */; };
		84E0D8C81985E15400A0D7AC /* Images.xcassets in Resources */ = {isa = PBXBuildFile; fileRef = 84E0D8C71985E15400A0D7AC /* Images.xcassets */; };
		84E0D8CF1985E15400A0D7AC /* XCTest.framework in Frameworks */ = {isa = PBXBuildFile; fileRef = 84E0D8CE1985E15400A0D7AC /* XCTest.framework */; };
		84E0D8D01985E15400A0D7AC /* Foundation.framework in Frameworks */ = {isa = PBXBuildFile; fileRef = 84E0D8AF1985E15400A0D7AC /* Foundation.framework */; };
		84E0D8D11985E15400A0D7AC /* UIKit.framework in Frameworks */ = {isa = PBXBuildFile; fileRef = 84E0D8B31985E15400A0D7AC /* UIKit.framework */; };
		84E0D8D91985E15400A0D7AC /* InfoPlist.strings in Resources */ = {isa = PBXBuildFile; fileRef = 84E0D8D71985E15400A0D7AC /* InfoPlist.strings */; };
		84E0D8DB1985E15400A0D7AC /* RaceToTheTopTests.m in Sources */ = {isa = PBXBuildFile; fileRef = 84E0D8DA1985E15400A0D7AC /* RaceToTheTopTests.m */; };
		84E0D8E61985E1E600A0D7AC /* SpaceShipView.m in Sources */ = {isa = PBXBuildFile; fileRef = 84E0D8E51985E1E600A0D7AC /* SpaceShipView.m */; };
		84E0D8EC198695A500A0D7AC /* MountFuji.jpg in Resources */ = {isa = PBXBuildFile; fileRef = 84E0D8EB198695A500A0D7AC /* MountFuji.jpg */; };
		84E0D8EF1986971300A0D7AC /* MountainPath.m in Sources */ = {isa = PBXBuildFile; fileRef = 84E0D8EE1986971300A0D7AC /* MountainPath.m */; };
		84E0D8F31987205700A0D7AC /* PathView.m in Sources */ = {isa = PBXBuildFile; fileRef = 84E0D8F21987205700A0D7AC /* PathView.m */; };
		84E0D8F51987255100A0D7AC /* Main.iPad.storyboard in Resources */ = {isa = PBXBuildFile; fileRef = 84E0D8F41987255100A0D7AC /* Main.iPad.storyboard */; };
/* End PBXBuildFile section */

/* Begin PBXContainerItemProxy section */
		84E0D8D21985E15400A0D7AC /* PBXContainerItemProxy */ = {
			isa = PBXContainerItemProxy;
			containerPortal = 84E0D8A41985E15400A0D7AC /* Project object */;
			proxyType = 1;
			remoteGlobalIDString = 84E0D8AB1985E15400A0D7AC;
			remoteInfo = RaceToTheTop;
		};
/* End PBXContainerItemProxy section */

/* Begin PBXFileReference section */
		84E0D8AC1985E15400A0D7AC /* RaceToTheTop.app */ = {isa = PBXFileReference; explicitFileType = wrapper.application; includeInIndex = 0; path = RaceToTheTop.app; sourceTree = BUILT_PRODUCTS_DIR; };
		84E0D8AF1985E15400A0D7AC /* Foundation.framework */ = {isa = PBXFileReference; lastKnownFileType = wrapper.framework; name = Foundation.framework; path = System/Library/Frameworks/Foundation.framework; sourceTree = SDKROOT; };
		84E0D8B11985E15400A0D7AC /* CoreGraphics.framework */ = {isa = PBXFileReference; lastKnownFileType = wrapper.framework; name = CoreGraphics.framework; path = System/Library/Frameworks/CoreGraphics.framework; sourceTree = SDKROOT; };
		84E0D8B31985E15400A0D7AC /* UIKit.framework */ = {isa = PBXFileReference; lastKnownFileType = wrapper.framework; name = UIKit.framework; path = System/Library/Frameworks/UIKit.framework; sourceTree = SDKROOT; };
		84E0D8B71985E15400A0D7AC /* RaceToTheTop-Info.plist */ = {isa = PBXFileReference; lastKnownFileType = text.plist.xml; path = "RaceToTheTop-Info.plist"; sourceTree = "<group>"; };
		84E0D8B91985E15400A0D7AC /* en */ = {isa = PBXFileReference; lastKnownFileType = text.plist.strings; name = en; path = en.lproj/InfoPlist.strings; sourceTree = "<group>"; };
		84E0D8BB1985E15400A0D7AC /* main.m */ = {isa = PBXFileReference; lastKnownFileType = sourcecode.c.objc; path = main.m; sourceTree = "<group>"; };
		84E0D8BD1985E15400A0D7AC /* RaceToTheTop-Prefix.pch */ = {isa = PBXFileReference; lastKnownFileType = sourcecode.c.h; path = "RaceToTheTop-Prefix.pch"; sourceTree = "<group>"; };
		84E0D8BE1985E15400A0D7AC /* AppDelegate.h */ = {isa = PBXFileReference; lastKnownFileType = sourcecode.c.h; path = AppDelegate.h; sourceTree = "<group>"; };
		84E0D8BF1985E15400A0D7AC /* AppDelegate.m */ = {isa = PBXFileReference; lastKnownFileType = sourcecode.c.objc; path = AppDelegate.m; sourceTree = "<group>"; };
		84E0D8C21985E15400A0D7AC /* Base */ = {isa = PBXFileReference; lastKnownFileType = file.storyboard; name = Base; path = Base.lproj/Main.iPhone.storyboard; sourceTree = "<group>"; };
		84E0D8C41985E15400A0D7AC /* ViewController.h */ = {isa = PBXFileReference; lastKnownFileType = sourcecode.c.h; path = ViewController.h; sourceTree = "<group>"; };
		84E0D8C51985E15400A0D7AC /* ViewController.m */ = {isa = PBXFileReference; lastKnownFileType = sourcecode.c.objc; path = ViewController.m; sourceTree = "<group>"; };
		84E0D8C71985E15400A0D7AC /* Images.xcassets */ = {isa = PBXFileReference; lastKnownFileType = folder.assetcatalog; path = Images.xcassets; sourceTree = "<group>"; };
		84E0D8CD1985E15400A0D7AC /* RaceToTheTopTests.xctest */ = {isa = PBXFileReference; explicitFileType = wrapper.cfbundle; includeInIndex = 0; path = RaceToTheTopTests.xctest; sourceTree = BUILT_PRODUCTS_DIR; };
		84E0D8CE1985E15400A0D7AC /* XCTest.framework */ = {isa = PBXFileReference; lastKnownFileType = wrapper.framework; name = XCTest.framework; path = Library/Frameworks/XCTest.framework; sourceTree = DEVELOPER_DIR; };
		84E0D8D61985E15400A0D7AC /* RaceToTheTopTests-Info.plist */ = {isa = PBXFileReference; lastKnownFileType = text.plist.xml; path = "RaceToTheTopTests-Info.plist"; sourceTree = "<group>"; };
		84E0D8D81985E15400A0D7AC /* en */ = {isa = PBXFileReference; lastKnownFileType = text.plist.strings; name = en; path = en.lproj/InfoPlist.strings; sourceTree = "<group>"; };
		84E0D8DA1985E15400A0D7AC /* RaceToTheTopTests.m */ = {isa = PBXFileReference; lastKnownFileType = sourcecode.c.objc; path = RaceToTheTopTests.m; sourceTree = "<group>"; };
		84E0D8E41985E1E600A0D7AC /* SpaceShipView.h */ = {isa = PBXFileReference; fileEncoding = 4; lastKnownFileType = sourcecode.c.h; path = SpaceShipView.h; sourceTree = "<group>"; };
		84E0D8E51985E1E600A0D7AC /* SpaceShipView.m */ = {isa = PBXFileReference; fileEncoding = 4; lastKnownFileType = sourcecode.c.objc; path = SpaceShipView.m; sourceTree = "<group>"; };
		84E0D8EB198695A500A0D7AC /* MountFuji.jpg */ = {isa = PBXFileReference; lastKnownFileType = image.jpeg; path = MountFuji.jpg; sourceTree = "<group>"; };
		84E0D8ED1986971300A0D7AC /* MountainPath.h */ = {isa = PBXFileReference; fileEncoding = 4; lastKnownFileType = sourcecode.c.h; path = MountainPath.h; sourceTree = "<group>"; };
		84E0D8EE1986971300A0D7AC /* MountainPath.m */ = {isa = PBXFileReference; fileEncoding = 4; lastKnownFileType = sourcecode.c.objc; path = MountainPath.m; sourceTree = "<group>"; };
		84E0D8F11987205600A0D7AC /* PathView.h */ = {isa = PBXFileReference; fileEncoding = 4; lastKnownFileType = sourcecode.c.h; path = PathView.h; sourceTree = "<group>"; };
		84E0D8F21987205700A0D7AC /* PathView.m */ = {isa = PBXFileReference; fileEncoding = 4; lastKnownFileType = sourcecode.c.objc; path = PathView.m; sourceTree = "<group>"; };
		84E0D8F41987255100A0D7AC /* Main.iPad.storyboard */ = {isa = PBXFileReference; fileEncoding = 4; lastKnownFileType = file.storyboard; name = Main.iPad.storyboard; path = ../Main.iPad.storyboard; sourceTree = "<group>"; };
/* End PBXFileReference section */

/* Begin PBXFrameworksBuildPhase section */
		84E0D8A91985E15400A0D7AC /* Frameworks */ = {
			isa = PBXFrameworksBuildPhase;
			buildActionMask = 2147483647;
			files = (
				84E0D8B21985E15400A0D7AC /* CoreGraphics.framework in Frameworks */,
				84E0D8B41985E15400A0D7AC /* UIKit.framework in Frameworks */,
				84E0D8B01985E15400A0D7AC /* Foundation.framework in Frameworks */,
			);
			runOnlyForDeploymentPostprocessing = 0;
		};
		84E0D8CA1985E15400A0D7AC /* Frameworks */ = {
			isa = PBXFrameworksBuildPhase;
			buildActionMask = 2147483647;
			files = (
				84E0D8CF1985E15400A0D7AC /* XCTest.framework in Frameworks */,
				84E0D8D11985E15400A0D7AC /* UIKit.framework in Frameworks */,
				84E0D8D01985E15400A0D7AC /* Foundation.framework in Frameworks */,
			);
			runOnlyForDeploymentPostprocessing = 0;
		};
/* End PBXFrameworksBuildPhase section */

/* Begin PBXGroup section */
		84E0D8A31985E15400A0D7AC = {
			isa = PBXGroup;
			children = (
				84E0D8B51985E15400A0D7AC /* RaceToTheTop */,
				84E0D8D41985E15400A0D7AC /* RaceToTheTopTests */,
				84E0D8AE1985E15400A0D7AC /* Frameworks */,
				84E0D8AD1985E15400A0D7AC /* Products */,
			);
			sourceTree = "<group>";
		};
		84E0D8AD1985E15400A0D7AC /* Products */ = {
			isa = PBXGroup;
			children = (
				84E0D8AC1985E15400A0D7AC /* RaceToTheTop.app */,
				84E0D8CD1985E15400A0D7AC /* RaceToTheTopTests.xctest */,
			);
			name = Products;
			sourceTree = "<group>";
		};
		84E0D8AE1985E15400A0D7AC /* Frameworks */ = {
			isa = PBXGroup;
			children = (
				84E0D8AF1985E15400A0D7AC /* Foundation.framework */,
				84E0D8B11985E15400A0D7AC /* CoreGraphics.framework */,
				84E0D8B31985E15400A0D7AC /* UIKit.framework */,
				84E0D8CE1985E15400A0D7AC /* XCTest.framework */,
			);
			name = Frameworks;
			sourceTree = "<group>";
		};
		84E0D8B51985E15400A0D7AC /* RaceToTheTop */ = {
			isa = PBXGroup;
			children = (
				84E0D8E81986945600A0D7AC /* iPad */,
				84E0D8C11985E15400A0D7AC /* Main.iPhone.storyboard */,
				84E0D8F41987255100A0D7AC /* Main.iPad.storyboard */,
				84E0D8C41985E15400A0D7AC /* ViewController.h */,
				84E0D8C51985E15400A0D7AC /* ViewController.m */,
				84E0D8F01986971700A0D7AC /* Model */,
				84E0D8E71985E22900A0D7AC /* View */,
				84E0D8C71985E15400A0D7AC /* Images.xcassets */,
				84E0D8B61985E15400A0D7AC /* Supporting Files */,
			);
			path = RaceToTheTop;
			sourceTree = "<group>";
		};
		84E0D8B61985E15400A0D7AC /* Supporting Files */ = {
			isa = PBXGroup;
			children = (
				84E0D8EB198695A500A0D7AC /* MountFuji.jpg */,
				84E0D8BE1985E15400A0D7AC /* AppDelegate.h */,
				84E0D8BF1985E15400A0D7AC /* AppDelegate.m */,
				84E0D8B71985E15400A0D7AC /* RaceToTheTop-Info.plist */,
				84E0D8B81985E15400A0D7AC /* InfoPlist.strings */,
				84E0D8BB1985E15400A0D7AC /* main.m */,
				84E0D8BD1985E15400A0D7AC /* RaceToTheTop-Prefix.pch */,
			);
			name = "Supporting Files";
			sourceTree = "<group>";
		};
		84E0D8D41985E15400A0D7AC /* RaceToTheTopTests */ = {
			isa = PBXGroup;
			children = (
				84E0D8DA1985E15400A0D7AC /* RaceToTheTopTests.m */,
				84E0D8D51985E15400A0D7AC /* Supporting Files */,
			);
			path = RaceToTheTopTests;
			sourceTree = "<group>";
		};
		84E0D8D51985E15400A0D7AC /* Supporting Files */ = {
			isa = PBXGroup;
			children = (
				84E0D8D61985E15400A0D7AC /* RaceToTheTopTests-Info.plist */,
				84E0D8D71985E15400A0D7AC /* InfoPlist.strings */,
			);
			name = "Supporting Files";
			sourceTree = "<group>";
		};
		84E0D8E71985E22900A0D7AC /* View */ = {
			isa = PBXGroup;
			children = (
				84E0D8F11987205600A0D7AC /* PathView.h */,
				84E0D8F21987205700A0D7AC /* PathView.m */,
				84E0D8E41985E1E600A0D7AC /* SpaceShipView.h */,
				84E0D8E51985E1E600A0D7AC /* SpaceShipView.m */,
			);
			name = View;
			sourceTree = "<group>";
		};
		84E0D8E81986945600A0D7AC /* iPad */ = {
			isa = PBXGroup;
			children = (
			);
			name = iPad;
			sourceTree = "<group>";
		};
		84E0D8F01986971700A0D7AC /* Model */ = {
			isa = PBXGroup;
			children = (
				84E0D8ED1986971300A0D7AC /* MountainPath.h */,
				84E0D8EE1986971300A0D7AC /* MountainPath.m */,
			);
			name = Model;
			sourceTree = "<group>";
		};
/* End PBXGroup section */

/* Begin PBXNativeTarget section */
		84E0D8AB1985E15400A0D7AC /* RaceToTheTop */ = {
			isa = PBXNativeTarget;
			buildConfigurationList = 84E0D8DE1985E15400A0D7AC /* Build configuration list for PBXNativeTarget "RaceToTheTop" */;
			buildPhases = (
				84E0D8A81985E15400A0D7AC /* Sources */,
				84E0D8A91985E15400A0D7AC /* Frameworks */,
				84E0D8AA1985E15400A0D7AC /* Resources */,
			);
			buildRules = (
			);
			dependencies = (
			);
			name = RaceToTheTop;
			productName = RaceToTheTop;
			productReference = 84E0D8AC1985E15400A0D7AC /* RaceToTheTop.app */;
			productType = "com.apple.product-type.application";
		};
		84E0D8CC1985E15400A0D7AC /* RaceToTheTopTests */ = {
			isa = PBXNativeTarget;
			buildConfigurationList = 84E0D8E11985E15400A0D7AC /* Build configuration list for PBXNativeTarget "RaceToTheTopTests" */;
			buildPhases = (
				84E0D8C91985E15400A0D7AC /* Sources */,
				84E0D8CA1985E15400A0D7AC /* Frameworks */,
				84E0D8CB1985E15400A0D7AC /* Resources */,
			);
			buildRules = (
			);
			dependencies = (
				84E0D8D31985E15400A0D7AC /* PBXTargetDependency */,
			);
			name = RaceToTheTopTests;
			productName = RaceToTheTopTests;
			productReference = 84E0D8CD1985E15400A0D7AC /* RaceToTheTopTests.xctest */;
			productType = "com.apple.product-type.bundle.unit-test";
		};
/* End PBXNativeTarget section */

/* Begin PBXProject section */
		84E0D8A41985E15400A0D7AC /* Project object */ = {
			isa = PBXProject;
			attributes = {
				LastUpgradeCheck = 0510;
				ORGANIZATIONNAME = "Luis Carbuccia";
				TargetAttributes = {
					84E0D8CC1985E15400A0D7AC = {
						TestTargetID = 84E0D8AB1985E15400A0D7AC;
					};
				};
			};
			buildConfigurationList = 84E0D8A71985E15400A0D7AC /* Build configuration list for PBXProject "RaceToTheTop" */;
			compatibilityVersion = "Xcode 3.2";
			developmentRegion = English;
			hasScannedForEncodings = 0;
			knownRegions = (
				en,
				Base,
			);
			mainGroup = 84E0D8A31985E15400A0D7AC;
			productRefGroup = 84E0D8AD1985E15400A0D7AC /* Products */;
			projectDirPath = "";
			projectRoot = "";
			targets = (
				84E0D8AB1985E15400A0D7AC /* RaceToTheTop */,
				84E0D8CC1985E15400A0D7AC /* RaceToTheTopTests */,
			);
		};
/* End PBXProject section */

/* Begin PBXResourcesBuildPhase section */
		84E0D8AA1985E15400A0D7AC /* Resources */ = {
			isa = PBXResourcesBuildPhase;
			buildActionMask = 2147483647;
			files = (
				84E0D8EC198695A500A0D7AC /* MountFuji.jpg in Resources */,
				84E0D8C81985E15400A0D7AC /* Images.xcassets in Resources */,
				84E0D8BA1985E15400A0D7AC /* InfoPlist.strings in Resources */,
				84E0D8C31985E15400A0D7AC /* Main.iPhone.storyboard in Resources */,
				84E0D8F51987255100A0D7AC /* Main.iPad.storyboard in Resources */,
			);
			runOnlyForDeploymentPostprocessing = 0;
		};
		84E0D8CB1985E15400A0D7AC /* Resources */ = {
			isa = PBXResourcesBuildPhase;
			buildActionMask = 2147483647;
			files = (
				84E0D8D91985E15400A0D7AC /* InfoPlist.strings in Resources */,
			);
			runOnlyForDeploymentPostprocessing = 0;
		};
/* End PBXResourcesBuildPhase section */

/* Begin PBXSourcesBuildPhase section */
		84E0D8A81985E15400A0D7AC /* Sources */ = {
			isa = PBXSourcesBuildPhase;
			buildActionMask = 2147483647;
			files = (
				84E0D8C61985E15400A0D7AC /* ViewController.m in Sources */,
				84E0D8E61985E1E600A0D7AC /* SpaceShipView.m in Sources */,
				84E0D8EF1986971300A0D7AC /* MountainPath.m in Sources */,
				84E0D8F31987205700A0D7AC /* PathView.m in Sources */,
				84E0D8C01985E15400A0D7AC /* AppDelegate.m in Sources */,
				84E0D8BC1985E15400A0D7AC /* main.m in Sources */,
			);
			runOnlyForDeploymentPostprocessing = 0;
		};
		84E0D8C91985E15400A0D7AC /* Sources */ = {
			isa = PBXSourcesBuildPhase;
			buildActionMask = 2147483647;
			files = (
				84E0D8DB1985E15400A0D7AC /* RaceToTheTopTests.m in Sources */,
			);
			runOnlyForDeploymentPostprocessing = 0;
		};
/* End PBXSourcesBuildPhase section */

/* Begin PBXTargetDependency section */
		84E0D8D31985E15400A0D7AC /* PBXTargetDependency */ = {
			isa = PBXTargetDependency;
			target = 84E0D8AB1985E15400A0D7AC /* RaceToTheTop */;
			targetProxy = 84E0D8D21985E15400A0D7AC /* PBXContainerItemProxy */;
		};
/* End PBXTargetDependency section */

/* Begin PBXVariantGroup section */
		84E0D8B81985E15400A0D7AC /* InfoPlist.strings */ = {
			isa = PBXVariantGroup;
			children = (
				84E0D8B91985E15400A0D7AC /* en */,
			);
			name = InfoPlist.strings;
			sourceTree = "<group>";
		};
		84E0D8C11985E15400A0D7AC /* Main.iPhone.storyboard */ = {
			isa = PBXVariantGroup;
			children = (
				84E0D8C21985E15400A0D7AC /* Base */,
			);
			name = Main.iPhone.storyboard;
			sourceTree = "<group>";
		};
		84E0D8D71985E15400A0D7AC /* InfoPlist.strings */ = {
			isa = PBXVariantGroup;
			children = (
				84E0D8D81985E15400A0D7AC /* en */,
			);
			name = InfoPlist.strings;
			sourceTree = "<group>";
		};
/* End PBXVariantGroup section */

/* Begin XCBuildConfiguration section */
		84E0D8DC1985E15400A0D7AC /* Debug */ = {
			isa = XCBuildConfiguration;
			buildSettings = {
				ALWAYS_SEARCH_USER_PATHS = NO;
				CLANG_CXX_LANGUAGE_STANDARD = "gnu++0x";
				CLANG_CXX_LIBRARY = "libc++";
				CLANG_ENABLE_MODULES = YES;
				CLANG_ENABLE_OBJC_ARC = YES;
				CLANG_WARN_BOOL_CONVERSION = YES;
				CLANG_WARN_CONSTANT_CONVERSION = YES;
				CLANG_WARN_DIRECT_OBJC_ISA_USAGE = YES_ERROR;
				CLANG_WARN_EMPTY_BODY = YES;
				CLANG_WARN_ENUM_CONVERSION = YES;
				CLANG_WARN_INT_CONVERSION = YES;
				CLANG_WARN_OBJC_ROOT_CLASS = YES_ERROR;
				CLANG_WARN__DUPLICATE_METHOD_MATCH = YES;
				"CODE_SIGN_IDENTITY[sdk=iphoneos*]" = "iPhone Developer";
				COPY_PHASE_STRIP = NO;
				GCC_C_LANGUAGE_STANDARD = gnu99;
				GCC_DYNAMIC_NO_PIC = NO;
				GCC_OPTIMIZATION_LEVEL = 0;
				GCC_PREPROCESSOR_DEFINITIONS = (
					"DEBUG=1",
					"$(inherited)",
				);
				GCC_SYMBOLS_PRIVATE_EXTERN = NO;
				GCC_WARN_64_TO_32_BIT_CONVERSION = YES;
				GCC_WARN_ABOUT_RETURN_TYPE = YES_ERROR;
				GCC_WARN_UNDECLARED_SELECTOR = YES;
				GCC_WARN_UNINITIALIZED_AUTOS = YES_AGGRESSIVE;
				GCC_WARN_UNUSED_FUNCTION = YES;
				GCC_WARN_UNUSED_VARIABLE = YES;
				IPHONEOS_DEPLOYMENT_TARGET = 7.1;
				ONLY_ACTIVE_ARCH = YES;
				SDKROOT = iphoneos;
			};
			name = Debug;
		};
		84E0D8DD1985E15400A0D7AC /* Release */ = {
			isa = XCBuildConfiguration;
			buildSettings = {
				ALWAYS_SEARCH_USER_PATHS = NO;
				CLANG_CXX_LANGUAGE_STANDARD = "gnu++0x";
				CLANG_CXX_LIBRARY = "libc++";
				CLANG_ENABLE_MODULES = YES;
				CLANG_ENABLE_OBJC_ARC = YES;
				CLANG_WARN_BOOL_CONVERSION = YES;
				CLANG_WARN_CONSTANT_CONVERSION = YES;
				CLANG_WARN_DIRECT_OBJC_ISA_USAGE = YES_ERROR;
				CLANG_WARN_EMPTY_BODY = YES;
				CLANG_WARN_ENUM_CONVERSION = YES;
				CLANG_WARN_INT_CONVERSION = YES;
				CLANG_WARN_OBJC_ROOT_CLASS = YES_ERROR;
				CLANG_WARN__DUPLICATE_METHOD_MATCH = YES;
				"CODE_SIGN_IDENTITY[sdk=iphoneos*]" = "iPhone Developer";
				COPY_PHASE_STRIP = YES;
				ENABLE_NS_ASSERTIONS = NO;
				GCC_C_LANGUAGE_STANDARD = gnu99;
				GCC_WARN_64_TO_32_BIT_CONVERSION = YES;
				GCC_WARN_ABOUT_RETURN_TYPE = YES_ERROR;
				GCC_WARN_UNDECLARED_SELECTOR = YES;
				GCC_WARN_UNINITIALIZED_AUTOS = YES_AGGRESSIVE;
				GCC_WARN_UNUSED_FUNCTION = YES;
				GCC_WARN_UNUSED_VARIABLE = YES;
				IPHONEOS_DEPLOYMENT_TARGET = 7.1;
				SDKROOT = iphoneos;
				VALIDATE_PRODUCT = YES;
			};
			name = Release;
		};
		84E0D8DF1985E15400A0D7AC /* Debug */ = {
			isa = XCBuildConfiguration;
			buildSettings = {
				ASSETCATALOG_COMPILER_APPICON_NAME = AppIcon;
				ASSETCATALOG_COMPILER_LAUNCHIMAGE_NAME = LaunchImage;
				GCC_PRECOMPILE_PREFIX_HEADER = YES;
				GCC_PREFIX_HEADER = "RaceToTheTop/RaceToTheTop-Prefix.pch";
				INFOPLIST_FILE = "RaceToTheTop/RaceToTheTop-Info.plist";
				IPHONEOS_DEPLOYMENT_TARGET = 7.1;
				PRODUCT_NAME = "$(TARGET_NAME)";
				TARGETED_DEVICE_FAMILY = 2;
				WRAPPER_EXTENSION = app;
			};
			name = Debug;
		};
		84E0D8E01985E15400A0D7AC /* Release */ = {
			isa = XCBuildConfiguration;
			buildSettings = {
				ASSETCATALOG_COMPILER_APPICON_NAME = AppIcon;
				ASSETCATALOG_COMPILER_LAUNCHIMAGE_NAME = LaunchImage;
				GCC_PRECOMPILE_PREFIX_HEADER = YES;
				GCC_PREFIX_HEADER = "RaceToTheTop/RaceToTheTop-Prefix.pch";
				INFOPLIST_FILE = "RaceToTheTop/RaceToTheTop-Info.plist";
				IPHONEOS_DEPLOYMENT_TARGET = 7.1;
				PRODUCT_NAME = "$(TARGET_NAME)";
				TARGETED_DEVICE_FAMILY = 2;
				WRAPPER_EXTENSION = app;
			};
			name = Release;
		};
		84E0D8E21985E15400A0D7AC /* Debug */ = {
			isa = XCBuildConfiguration;
			buildSettings = {
				BUNDLE_LOADER = "$(BUILT_PRODUCTS_DIR)/RaceToTheTop.app/RaceToTheTop";
				FRAMEWORK_SEARCH_PATHS = (
					"$(SDKROOT)/Developer/Library/Frameworks",
					"$(inherited)",
					"$(DEVELOPER_FRAMEWORKS_DIR)",
				);
				GCC_PRECOMPILE_PREFIX_HEADER = YES;
				GCC_PREFIX_HEADER = "RaceToTheTop/RaceToTheTop-Prefix.pch";
				GCC_PREPROCESSOR_DEFINITIONS = (
					"DEBUG=1",
					"$(inherited)",
				);
				INFOPLIST_FILE = "RaceToTheTopTests/RaceToTheTopTests-Info.plist";
				PRODUCT_NAME = "$(TARGET_NAME)";
				TEST_HOST = "$(BUNDLE_LOADER)";
				WRAPPER_EXTENSION = xctest;
			};
			name = Debug;
		};
		84E0D8E31985E15400A0D7AC /* Release */ = {
			isa = XCBuildConfiguration;
			buildSettings = {
				BUNDLE_LOADER = "$(BUILT_PRODUCTS_DIR)/RaceToTheTop.app/RaceToTheTop";
				FRAMEWORK_SEARCH_PATHS = (
					"$(SDKROOT)/Developer/Library/Frameworks",
					"$(inherited)",
					"$(DEVELOPER_FRAMEWORKS_DIR)",
				);
				GCC_PRECOMPILE_PREFIX_HEADER = YES;
				GCC_PREFIX_HEADER = "RaceToTheTop/RaceToTheTop-Prefix.pch";
				INFOPLIST_FILE = "RaceToTheTopTests/RaceToTheTopTests-Info.plist";
				PRODUCT_NAME = "$(TARGET_NAME)";
				TEST_HOST = "$(BUNDLE_LOADER)";
				WRAPPER_EXTENSION = xctest;
			};
			name = Release;
		};
/* End XCBuildConfiguration section */

/* Begin XCConfigurationList section */
		84E0D8A71985E15400A0D7AC /* Build configuration list for PBXProject "RaceToTheTop" */ = {
			isa = XCConfigurationList;
			buildConfigurations = (
				84E0D8DC1985E15400A0D7AC /* Debug */,
				84E0D8DD1985E15400A0D7AC /* Release */,
			);
			defaultConfigurationIsVisible = 0;
			defaultConfigurationName = Release;
		};
		84E0D8DE1985E15400A0D7AC /* Build configuration list for PBXNativeTarget "RaceToTheTop" */ = {
			isa = XCConfigurationList;
			buildConfigurations = (
				84E0D8DF1985E15400A0D7AC /* Debug */,
				84E0D8E01985E15400A0D7AC /* Release */,
			);
			defaultConfigurationIsVisible = 0;
			defaultConfigurationName = Release;
		};
		84E0D8E11985E15400A0D7AC /* Build configuration list for PBXNativeTarget "RaceToTheTopTests" */ = {
			isa = XCConfigurationList;
			buildConfigurations = (
				84E0D8E21985E15400A0D7AC /* Debug */,
				84E0D8E31985E15400A0D7AC /* Release */,
			);
			defaultConfigurationIsVisible = 0;
			defaultConfigurationName = Release;
		};
/* End XCConfigurationList section */
	};
	rootObject = 84E0D8A41985E15400A0D7AC /* Project object */;
}
